
Microsoft Visual Studio Solution File, Format Version 12.00
# Visual Studio 15
VisualStudioVersion = 15.0.28307.421
MinimumVisualStudioVersion = 10.0.40219.1
Project("{FAE04EC0-301F-11D3-BF4B-00C04F79EFBC}") = "Julio_C_301016383", "Julio_C_301016383\Julio_C_301016383.csproj", "{6C87C727-3D99-4E41-9AD2-64B603354FFC}"
EndProject
Global
	GlobalSection(SolutionConfigurationPlatforms) = preSolution
		Debug|Any CPU = Debug|Any CPU
		Release|Any CPU = Release|Any CPU
	EndGlobalSection
	GlobalSection(ProjectConfigurationPlatforms) = postSolution
		{6C87C727-3D99-4E41-9AD2-64B603354FFC}.Debug|Any CPU.ActiveCfg = Debug|Any CPU
		{6C87C727-3D99-4E41-9AD2-64B603354FFC}.Debug|Any CPU.Build.0 = Debug|Any CPU
		{6C87C727-3D99-4E41-9AD2-64B603354FFC}.Release|Any CPU.ActiveCfg = Release|Any CPU
		{6C87C727-3D99-4E41-9AD2-64B603354FFC}.Release|Any CPU.Build.0 = Release|Any CPU
	EndGlobalSection
	GlobalSection(SolutionProperties) = preSolution
		HideSolutionNode = FALSE
	EndGlobalSection
	GlobalSection(ExtensibilityGlobals) = postSolution
		SolutionGuid = {B44690D3-3EEC-4E82-977F-A57E534E3E25}
	EndGlobalSection
EndGlobal
